
Microsoft Visual Studio Solution File, Format Version 12.00
# Visual Studio Version 17
VisualStudioVersion = 17.3.32929.385
MinimumVisualStudioVersion = 10.0.40219.1
Project("{FAE04EC0-301F-11D3-BF4B-00C04F79EFBC}") = "Diziler For Foreach Do While Yapisi", "Diziler For Foreach Do While Yapisi.csproj", "{1750776A-B1FE-4E8C-8CF7-1D52C2818462}"
EndProject
Global
	GlobalSection(SolutionConfigurationPlatforms) = preSolution
		Debug|Any CPU = Debug|Any CPU
		Release|Any CPU = Release|Any CPU
	EndGlobalSection
	GlobalSection(ProjectConfigurationPlatforms) = postSolution
		{1750776A-B1FE-4E8C-8CF7-1D52C2818462}.Debug|Any CPU.ActiveCfg = Debug|Any CPU
		{1750776A-B1FE-4E8C-8CF7-1D52C2818462}.Debug|Any CPU.Build.0 = Debug|Any CPU
		{1750776A-B1FE-4E8C-8CF7-1D52C2818462}.Release|Any CPU.ActiveCfg = Release|Any CPU
		{1750776A-B1FE-4E8C-8CF7-1D52C2818462}.Release|Any CPU.Build.0 = Release|Any CPU
	EndGlobalSection
	GlobalSection(SolutionProperties) = preSolution
		HideSolutionNode = FALSE
	EndGlobalSection
	GlobalSection(ExtensibilityGlobals) = postSolution
		SolutionGuid = {AE16D1BC-8B52-48AB-AA80-F77219B76FAF}
	EndGlobalSection
EndGlobal
